
Microsoft Visual Studio Solution File, Format Version 12.00
# Visual Studio Version 16
VisualStudioVersion = 16.0.31205.134
MinimumVisualStudioVersion = 10.0.40219.1
Project("{FAE04EC0-301F-11D3-BF4B-00C04F79EFBC}") = "OopVize", "OopVize.csproj", "{59A9AE65-09D5-44BF-81B8-26F7BF92B147}"
EndProject
Project("{FAE04EC0-301F-11D3-BF4B-00C04F79EFBC}") = "Deneme", "..\..\..\Desktop\Deneme\Deneme.csproj", "{F7F79C3D-651A-4341-B1CF-2C7BFF026BAB}"
EndProject
Global
	GlobalSection(SolutionConfigurationPlatforms) = preSolution
		Debug|Any CPU = Debug|Any CPU
		Release|Any CPU = Release|Any CPU
	EndGlobalSection
	GlobalSection(ProjectConfigurationPlatforms) = postSolution
		{59A9AE65-09D5-44BF-81B8-26F7BF92B147}.Debug|Any CPU.ActiveCfg = Debug|Any CPU
		{59A9AE65-09D5-44BF-81B8-26F7BF92B147}.Debug|Any CPU.Build.0 = Debug|Any CPU
		{59A9AE65-09D5-44BF-81B8-26F7BF92B147}.Release|Any CPU.ActiveCfg = Release|Any CPU
		{59A9AE65-09D5-44BF-81B8-26F7BF92B147}.Release|Any CPU.Build.0 = Release|Any CPU
		{F7F79C3D-651A-4341-B1CF-2C7BFF026BAB}.Debug|Any CPU.ActiveCfg = Debug|Any CPU
		{F7F79C3D-651A-4341-B1CF-2C7BFF026BAB}.Debug|Any CPU.Build.0 = Debug|Any CPU
		{F7F79C3D-651A-4341-B1CF-2C7BFF026BAB}.Release|Any CPU.ActiveCfg = Release|Any CPU
		{F7F79C3D-651A-4341-B1CF-2C7BFF026BAB}.Release|Any CPU.Build.0 = Release|Any CPU
	EndGlobalSection
	GlobalSection(SolutionProperties) = preSolution
		HideSolutionNode = FALSE
	EndGlobalSection
	GlobalSection(ExtensibilityGlobals) = postSolution
		SolutionGuid = {3C15ADD2-3131-4417-9A30-2EC7A764B0C4}
	EndGlobalSection
EndGlobal
